
Microsoft Visual Studio Solution File, Format Version 12.00
# Visual Studio Version 17
VisualStudioVersion = 17.9.34701.34
MinimumVisualStudioVersion = 10.0.40219.1
Project("{FAE04EC0-301F-11D3-BF4B-00C04F79EFBC}") = "Datatypes", "Datatypes\Datatypes.csproj", "{80566C33-419B-4E2E-B01D-0FF3B6E4DE84}"
EndProject
Project("{FAE04EC0-301F-11D3-BF4B-00C04F79EFBC}") = "String_Array", "String_Array\String_Array.csproj", "{BBCDB235-5C54-4B13-A32B-20F4011EFAE5}"
EndProject
Project("{FAE04EC0-301F-11D3-BF4B-00C04F79EFBC}") = "class-3", "class-3\class-3.csproj", "{C5F0C288-0DDB-49A2-B85C-2070CDEF9C36}"
EndProject
Project("{FAE04EC0-301F-11D3-BF4B-00C04F79EFBC}") = "practice", "practice\practice.csproj", "{EEE83F2F-C7BA-4D88-ADB8-1AF4E90C3F0E}"
EndProject
Project("{FAE04EC0-301F-11D3-BF4B-00C04F79EFBC}") = "class-4", "class-4\class-4.csproj", "{C616E793-5CCC-4371-9563-4C17E6964917}"
EndProject
Project("{FAE04EC0-301F-11D3-BF4B-00C04F79EFBC}") = "practice-2", "practice-2\practice-2.csproj", "{0E4B1F43-6299-45BB-A22C-B309687044E8}"
EndProject
Project("{FAE04EC0-301F-11D3-BF4B-00C04F79EFBC}") = "class-5", "class-5\class-5.csproj", "{31C69BA7-88F0-4534-A014-C3C028FDF568}"
EndProject
Project("{FAE04EC0-301F-11D3-BF4B-00C04F79EFBC}") = "Practical-3", "Practical-3\Practical-3.csproj", "{4993C7B9-A2B3-4D0B-B8FF-EA786745691E}"
EndProject
Project("{FAE04EC0-301F-11D3-BF4B-00C04F79EFBC}") = "Class-6", "Class-6\Class-6.csproj", "{830E01A0-8FAD-47A3-999D-56D4C6BB6394}"
EndProject
Project("{FAE04EC0-301F-11D3-BF4B-00C04F79EFBC}") = "class-7", "class-7\class-7.csproj", "{63081010-30D6-412C-95AF-F6A5FD67B8DC}"
EndProject
Project("{FAE04EC0-301F-11D3-BF4B-00C04F79EFBC}") = "class-8", "class-8\class-8.csproj", "{B37CFB70-99BC-49E3-B28C-44CEEE0A9F4C}"
EndProject
Project("{FAE04EC0-301F-11D3-BF4B-00C04F79EFBC}") = "class-8-1", "class-8-1\class-8-1.csproj", "{2EE5E7B6-E597-4031-972D-6D3AB81F9E89}"
EndProject
Project("{FAE04EC0-301F-11D3-BF4B-00C04F79EFBC}") = "class-8-2", "class-8-2\class-8-2.csproj", "{D1910DD7-47EC-45EA-8239-43C5F0F9FFA3}"
EndProject
Project("{FAE04EC0-301F-11D3-BF4B-00C04F79EFBC}") = "class-9", "class-9\class-9.csproj", "{79656A76-5C0B-4CB1-ADC9-A78F432BE6A5}"
EndProject
Project("{FAE04EC0-301F-11D3-BF4B-00C04F79EFBC}") = "class-9-1", "class-9-1\class-9-1.csproj", "{7F1AC2DF-47DD-456E-9378-23A5402861D9}"
EndProject
Project("{FAE04EC0-301F-11D3-BF4B-00C04F79EFBC}") = "class-9-2", "class-9-2\class-9-2.csproj", "{48E59DF4-3E40-4786-889F-2DD8EDA1B77F}"
EndProject
Project("{FAE04EC0-301F-11D3-BF4B-00C04F79EFBC}") = "class-9-3", "class-9-3\class-9-3.csproj", "{336767F3-B158-4698-AE7D-5FA55F0C61A9}"
EndProject
Project("{FAE04EC0-301F-11D3-BF4B-00C04F79EFBC}") = "class-10", "class-10\class-10.csproj", "{DE7ADEB9-7E61-4D42-874D-EF287665DFA7}"
EndProject
Project("{FAE04EC0-301F-11D3-BF4B-00C04F79EFBC}") = "class-11", "class-11\class-11.csproj", "{15668861-6CD7-4AFD-BB47-540ACFA55445}"
EndProject
Project("{FAE04EC0-301F-11D3-BF4B-00C04F79EFBC}") = "class-11-1", "class-11-1\class-11-1.csproj", "{489E4760-C029-41F5-8C6B-ACEFAEF1EC1D}"
EndProject
Project("{FAE04EC0-301F-11D3-BF4B-00C04F79EFBC}") = "class-12", "class-12\class-12.csproj", "{55690AC5-48C0-4265-B6EB-944365D64BCB}"
EndProject
Project("{FAE04EC0-301F-11D3-BF4B-00C04F79EFBC}") = "class-12-1", "class-12-1\class-12-1.csproj", "{CFD9BF61-0BAA-4B1A-8C29-5995778818C2}"
EndProject
Project("{FAE04EC0-301F-11D3-BF4B-00C04F79EFBC}") = "class-13", "class-13\class-13.csproj", "{BEFDEBA1-58BE-48AB-9FB7-F2EFA1631D5E}"
EndProject
Project("{FAE04EC0-301F-11D3-BF4B-00C04F79EFBC}") = "ClassLibrary1", "ClassLibrary1\ClassLibrary1.csproj", "{793724D1-B85F-4CAB-BAEE-D283BE65C887}"
EndProject
Project("{FAE04EC0-301F-11D3-BF4B-00C04F79EFBC}") = "Practice-4", "Practice-4\Practice-4.csproj", "{13DF4438-2639-4524-AE24-5A57B78FDE5A}"
EndProject
Project("{FAE04EC0-301F-11D3-BF4B-00C04F79EFBC}") = "PracticeNameSpace-2", "PracticeNameSpace-2\PracticeNameSpace-2.csproj", "{8EFACB17-8010-4602-8006-1647152E5619}"
EndProject
Project("{FAE04EC0-301F-11D3-BF4B-00C04F79EFBC}") = "lamdaFunction", "lamdaFunction\lamdaFunction.csproj", "{17A5EA69-6637-421C-AFAD-A3F6C131DB39}"
EndProject
Project("{FAE04EC0-301F-11D3-BF4B-00C04F79EFBC}") = "delegateProgram", "delegateProgram\delegateProgram.csproj", "{D7B939BF-3374-46A3-ADB2-403C2448DE6D}"
EndProject
Project("{FAE04EC0-301F-11D3-BF4B-00C04F79EFBC}") = "collection", "collection\collection.csproj", "{DF5A170C-D7F4-44D0-8FF7-0E785E06FCB1}"
EndProject
Project("{FAE04EC0-301F-11D3-BF4B-00C04F79EFBC}") = "LinqProgram", "LinqProgram\LinqProgram.csproj", "{ECA1B03F-CE26-4F46-81B3-FD4347FC169A}"
EndProject
Project("{FAE04EC0-301F-11D3-BF4B-00C04F79EFBC}") = "linq-2", "linq-2\linq-2.csproj", "{695A603F-DDCF-4D5A-8206-22BA5E377647}"
EndProject
Global
	GlobalSection(SolutionConfigurationPlatforms) = preSolution
		Debug|Any CPU = Debug|Any CPU
		Release|Any CPU = Release|Any CPU
	EndGlobalSection
	GlobalSection(ProjectConfigurationPlatforms) = postSolution
		{80566C33-419B-4E2E-B01D-0FF3B6E4DE84}.Debug|Any CPU.ActiveCfg = Debug|Any CPU
		{80566C33-419B-4E2E-B01D-0FF3B6E4DE84}.Debug|Any CPU.Build.0 = Debug|Any CPU
		{80566C33-419B-4E2E-B01D-0FF3B6E4DE84}.Release|Any CPU.ActiveCfg = Release|Any CPU
		{80566C33-419B-4E2E-B01D-0FF3B6E4DE84}.Release|Any CPU.Build.0 = Release|Any CPU
		{BBCDB235-5C54-4B13-A32B-20F4011EFAE5}.Debug|Any CPU.ActiveCfg = Debug|Any CPU
		{BBCDB235-5C54-4B13-A32B-20F4011EFAE5}.Debug|Any CPU.Build.0 = Debug|Any CPU
		{BBCDB235-5C54-4B13-A32B-20F4011EFAE5}.Release|Any CPU.ActiveCfg = Release|Any CPU
		{BBCDB235-5C54-4B13-A32B-20F4011EFAE5}.Release|Any CPU.Build.0 = Release|Any CPU
		{C5F0C288-0DDB-49A2-B85C-2070CDEF9C36}.Debug|Any CPU.ActiveCfg = Debug|Any CPU
		{C5F0C288-0DDB-49A2-B85C-2070CDEF9C36}.Debug|Any CPU.Build.0 = Debug|Any CPU
		{C5F0C288-0DDB-49A2-B85C-2070CDEF9C36}.Release|Any CPU.ActiveCfg = Release|Any CPU
		{C5F0C288-0DDB-49A2-B85C-2070CDEF9C36}.Release|Any CPU.Build.0 = Release|Any CPU
		{EEE83F2F-C7BA-4D88-ADB8-1AF4E90C3F0E}.Debug|Any CPU.ActiveCfg = Debug|Any CPU
		{EEE83F2F-C7BA-4D88-ADB8-1AF4E90C3F0E}.Debug|Any CPU.Build.0 = Debug|Any CPU
		{EEE83F2F-C7BA-4D88-ADB8-1AF4E90C3F0E}.Release|Any CPU.ActiveCfg = Release|Any CPU
		{EEE83F2F-C7BA-4D88-ADB8-1AF4E90C3F0E}.Release|Any CPU.Build.0 = Release|Any CPU
		{C616E793-5CCC-4371-9563-4C17E6964917}.Debug|Any CPU.ActiveCfg = Debug|Any CPU
		{C616E793-5CCC-4371-9563-4C17E6964917}.Debug|Any CPU.Build.0 = Debug|Any CPU
		{C616E793-5CCC-4371-9563-4C17E6964917}.Release|Any CPU.ActiveCfg = Release|Any CPU
		{C616E793-5CCC-4371-9563-4C17E6964917}.Release|Any CPU.Build.0 = Release|Any CPU
		{0E4B1F43-6299-45BB-A22C-B309687044E8}.Debug|Any CPU.ActiveCfg = Debug|Any CPU
		{0E4B1F43-6299-45BB-A22C-B309687044E8}.Debug|Any CPU.Build.0 = Debug|Any CPU
		{0E4B1F43-6299-45BB-A22C-B309687044E8}.Release|Any CPU.ActiveCfg = Release|Any CPU
		{0E4B1F43-6299-45BB-A22C-B309687044E8}.Release|Any CPU.Build.0 = Release|Any CPU
		{31C69BA7-88F0-4534-A014-C3C028FDF568}.Debug|Any CPU.ActiveCfg = Debug|Any CPU
		{31C69BA7-88F0-4534-A014-C3C028FDF568}.Debug|Any CPU.Build.0 = Debug|Any CPU
		{31C69BA7-88F0-4534-A014-C3C028FDF568}.Release|Any CPU.ActiveCfg = Release|Any CPU
		{31C69BA7-88F0-4534-A014-C3C028FDF568}.Release|Any CPU.Build.0 = Release|Any CPU
		{4993C7B9-A2B3-4D0B-B8FF-EA786745691E}.Debug|Any CPU.ActiveCfg = Debug|Any CPU
		{4993C7B9-A2B3-4D0B-B8FF-EA786745691E}.Debug|Any CPU.Build.0 = Debug|Any CPU
		{4993C7B9-A2B3-4D0B-B8FF-EA786745691E}.Release|Any CPU.ActiveCfg = Release|Any CPU
		{4993C7B9-A2B3-4D0B-B8FF-EA786745691E}.Release|Any CPU.Build.0 = Release|Any CPU
		{830E01A0-8FAD-47A3-999D-56D4C6BB6394}.Debug|Any CPU.ActiveCfg = Debug|Any CPU
		{830E01A0-8FAD-47A3-999D-56D4C6BB6394}.Debug|Any CPU.Build.0 = Debug|Any CPU
		{830E01A0-8FAD-47A3-999D-56D4C6BB6394}.Release|Any CPU.ActiveCfg = Release|Any CPU
		{830E01A0-8FAD-47A3-999D-56D4C6BB6394}.Release|Any CPU.Build.0 = Release|Any CPU
		{63081010-30D6-412C-95AF-F6A5FD67B8DC}.Debug|Any CPU.ActiveCfg = Debug|Any CPU
		{63081010-30D6-412C-95AF-F6A5FD67B8DC}.Debug|Any CPU.Build.0 = Debug|Any CPU
		{63081010-30D6-412C-95AF-F6A5FD67B8DC}.Release|Any CPU.ActiveCfg = Release|Any CPU
		{63081010-30D6-412C-95AF-F6A5FD67B8DC}.Release|Any CPU.Build.0 = Release|Any CPU
		{B37CFB70-99BC-49E3-B28C-44CEEE0A9F4C}.Debug|Any CPU.ActiveCfg = Debug|Any CPU
		{B37CFB70-99BC-49E3-B28C-44CEEE0A9F4C}.Debug|Any CPU.Build.0 = Debug|Any CPU
		{B37CFB70-99BC-49E3-B28C-44CEEE0A9F4C}.Release|Any CPU.ActiveCfg = Release|Any CPU
		{B37CFB70-99BC-49E3-B28C-44CEEE0A9F4C}.Release|Any CPU.Build.0 = Release|Any CPU
		{2EE5E7B6-E597-4031-972D-6D3AB81F9E89}.Debug|Any CPU.ActiveCfg = Debug|Any CPU
		{2EE5E7B6-E597-4031-972D-6D3AB81F9E89}.Debug|Any CPU.Build.0 = Debug|Any CPU
		{2EE5E7B6-E597-4031-972D-6D3AB81F9E89}.Release|Any CPU.ActiveCfg = Release|Any CPU
		{2EE5E7B6-E597-4031-972D-6D3AB81F9E89}.Release|Any CPU.Build.0 = Release|Any CPU
		{D1910DD7-47EC-45EA-8239-43C5F0F9FFA3}.Debug|Any CPU.ActiveCfg = Debug|Any CPU
		{D1910DD7-47EC-45EA-8239-43C5F0F9FFA3}.Debug|Any CPU.Build.0 = Debug|Any CPU
		{D1910DD7-47EC-45EA-8239-43C5F0F9FFA3}.Release|Any CPU.ActiveCfg = Release|Any CPU
		{D1910DD7-47EC-45EA-8239-43C5F0F9FFA3}.Release|Any CPU.Build.0 = Release|Any CPU
		{79656A76-5C0B-4CB1-ADC9-A78F432BE6A5}.Debug|Any CPU.ActiveCfg = Debug|Any CPU
		{79656A76-5C0B-4CB1-ADC9-A78F432BE6A5}.Debug|Any CPU.Build.0 = Debug|Any CPU
		{79656A76-5C0B-4CB1-ADC9-A78F432BE6A5}.Release|Any CPU.ActiveCfg = Release|Any CPU
		{79656A76-5C0B-4CB1-ADC9-A78F432BE6A5}.Release|Any CPU.Build.0 = Release|Any CPU
		{7F1AC2DF-47DD-456E-9378-23A5402861D9}.Debug|Any CPU.ActiveCfg = Debug|Any CPU
		{7F1AC2DF-47DD-456E-9378-23A5402861D9}.Debug|Any CPU.Build.0 = Debug|Any CPU
		{7F1AC2DF-47DD-456E-9378-23A5402861D9}.Release|Any CPU.ActiveCfg = Release|Any CPU
		{7F1AC2DF-47DD-456E-9378-23A5402861D9}.Release|Any CPU.Build.0 = Release|Any CPU
		{48E59DF4-3E40-4786-889F-2DD8EDA1B77F}.Debug|Any CPU.ActiveCfg = Debug|Any CPU
		{48E59DF4-3E40-4786-889F-2DD8EDA1B77F}.Debug|Any CPU.Build.0 = Debug|Any CPU
		{48E59DF4-3E40-4786-889F-2DD8EDA1B77F}.Release|Any CPU.ActiveCfg = Release|Any CPU
		{48E59DF4-3E40-4786-889F-2DD8EDA1B77F}.Release|Any CPU.Build.0 = Release|Any CPU
		{336767F3-B158-4698-AE7D-5FA55F0C61A9}.Debug|Any CPU.ActiveCfg = Debug|Any CPU
		{336767F3-B158-4698-AE7D-5FA55F0C61A9}.Debug|Any CPU.Build.0 = Debug|Any CPU
		{336767F3-B158-4698-AE7D-5FA55F0C61A9}.Release|Any CPU.ActiveCfg = Release|Any CPU
		{336767F3-B158-4698-AE7D-5FA55F0C61A9}.Release|Any CPU.Build.0 = Release|Any CPU
		{DE7ADEB9-7E61-4D42-874D-EF287665DFA7}.Debug|Any CPU.ActiveCfg = Debug|Any CPU
		{DE7ADEB9-7E61-4D42-874D-EF287665DFA7}.Debug|Any CPU.Build.0 = Debug|Any CPU
		{DE7ADEB9-7E61-4D42-874D-EF287665DFA7}.Release|Any CPU.ActiveCfg = Release|Any CPU
		{DE7ADEB9-7E61-4D42-874D-EF287665DFA7}.Release|Any CPU.Build.0 = Release|Any CPU
		{15668861-6CD7-4AFD-BB47-540ACFA55445}.Debug|Any CPU.ActiveCfg = Debug|Any CPU
		{15668861-6CD7-4AFD-BB47-540ACFA55445}.Debug|Any CPU.Build.0 = Debug|Any CPU
		{15668861-6CD7-4AFD-BB47-540ACFA55445}.Release|Any CPU.ActiveCfg = Release|Any CPU
		{15668861-6CD7-4AFD-BB47-540ACFA55445}.Release|Any CPU.Build.0 = Release|Any CPU
		{489E4760-C029-41F5-8C6B-ACEFAEF1EC1D}.Debug|Any CPU.ActiveCfg = Debug|Any CPU
		{489E4760-C029-41F5-8C6B-ACEFAEF1EC1D}.Debug|Any CPU.Build.0 = Debug|Any CPU
		{489E4760-C029-41F5-8C6B-ACEFAEF1EC1D}.Release|Any CPU.ActiveCfg = Release|Any CPU
		{489E4760-C029-41F5-8C6B-ACEFAEF1EC1D}.Release|Any CPU.Build.0 = Release|Any CPU
		{55690AC5-48C0-4265-B6EB-944365D64BCB}.Debug|Any CPU.ActiveCfg = Debug|Any CPU
		{55690AC5-48C0-4265-B6EB-944365D64BCB}.Debug|Any CPU.Build.0 = Debug|Any CPU
		{55690AC5-48C0-4265-B6EB-944365D64BCB}.Release|Any CPU.ActiveCfg = Release|Any CPU
		{55690AC5-48C0-4265-B6EB-944365D64BCB}.Release|Any CPU.Build.0 = Release|Any CPU
		{CFD9BF61-0BAA-4B1A-8C29-5995778818C2}.Debug|Any CPU.ActiveCfg = Debug|Any CPU
		{CFD9BF61-0BAA-4B1A-8C29-5995778818C2}.Debug|Any CPU.Build.0 = Debug|Any CPU
		{CFD9BF61-0BAA-4B1A-8C29-5995778818C2}.Release|Any CPU.ActiveCfg = Release|Any CPU
		{CFD9BF61-0BAA-4B1A-8C29-5995778818C2}.Release|Any CPU.Build.0 = Release|Any CPU
		{BEFDEBA1-58BE-48AB-9FB7-F2EFA1631D5E}.Debug|Any CPU.ActiveCfg = Debug|Any CPU
		{BEFDEBA1-58BE-48AB-9FB7-F2EFA1631D5E}.Debug|Any CPU.Build.0 = Debug|Any CPU
		{BEFDEBA1-58BE-48AB-9FB7-F2EFA1631D5E}.Release|Any CPU.ActiveCfg = Release|Any CPU
		{BEFDEBA1-58BE-48AB-9FB7-F2EFA1631D5E}.Release|Any CPU.Build.0 = Release|Any CPU
		{793724D1-B85F-4CAB-BAEE-D283BE65C887}.Debug|Any CPU.ActiveCfg = Debug|Any CPU
		{793724D1-B85F-4CAB-BAEE-D283BE65C887}.Debug|Any CPU.Build.0 = Debug|Any CPU
		{793724D1-B85F-4CAB-BAEE-D283BE65C887}.Release|Any CPU.ActiveCfg = Release|Any CPU
		{793724D1-B85F-4CAB-BAEE-D283BE65C887}.Release|Any CPU.Build.0 = Release|Any CPU
		{13DF4438-2639-4524-AE24-5A57B78FDE5A}.Debug|Any CPU.ActiveCfg = Debug|Any CPU
		{13DF4438-2639-4524-AE24-5A57B78FDE5A}.Debug|Any CPU.Build.0 = Debug|Any CPU
		{13DF4438-2639-4524-AE24-5A57B78FDE5A}.Release|Any CPU.ActiveCfg = Release|Any CPU
		{13DF4438-2639-4524-AE24-5A57B78FDE5A}.Release|Any CPU.Build.0 = Release|Any CPU
		{8EFACB17-8010-4602-8006-1647152E5619}.Debug|Any CPU.ActiveCfg = Debug|Any CPU
		{8EFACB17-8010-4602-8006-1647152E5619}.Debug|Any CPU.Build.0 = Debug|Any CPU
		{8EFACB17-8010-4602-8006-1647152E5619}.Release|Any CPU.ActiveCfg = Release|Any CPU
		{8EFACB17-8010-4602-8006-1647152E5619}.Release|Any CPU.Build.0 = Release|Any CPU
		{17A5EA69-6637-421C-AFAD-A3F6C131DB39}.Debug|Any CPU.ActiveCfg = Debug|Any CPU
		{17A5EA69-6637-421C-AFAD-A3F6C131DB39}.Debug|Any CPU.Build.0 = Debug|Any CPU
		{17A5EA69-6637-421C-AFAD-A3F6C131DB39}.Release|Any CPU.ActiveCfg = Release|Any CPU
		{17A5EA69-6637-421C-AFAD-A3F6C131DB39}.Release|Any CPU.Build.0 = Release|Any CPU
		{D7B939BF-3374-46A3-ADB2-403C2448DE6D}.Debug|Any CPU.ActiveCfg = Debug|Any CPU
		{D7B939BF-3374-46A3-ADB2-403C2448DE6D}.Debug|Any CPU.Build.0 = Debug|Any CPU
		{D7B939BF-3374-46A3-ADB2-403C2448DE6D}.Release|Any CPU.ActiveCfg = Release|Any CPU
		{D7B939BF-3374-46A3-ADB2-403C2448DE6D}.Release|Any CPU.Build.0 = Release|Any CPU
		{DF5A170C-D7F4-44D0-8FF7-0E785E06FCB1}.Debug|Any CPU.ActiveCfg = Debug|Any CPU
		{DF5A170C-D7F4-44D0-8FF7-0E785E06FCB1}.Debug|Any CPU.Build.0 = Debug|Any CPU
		{DF5A170C-D7F4-44D0-8FF7-0E785E06FCB1}.Release|Any CPU.ActiveCfg = Release|Any CPU
		{DF5A170C-D7F4-44D0-8FF7-0E785E06FCB1}.Release|Any CPU.Build.0 = Release|Any CPU
		{ECA1B03F-CE26-4F46-81B3-FD4347FC169A}.Debug|Any CPU.ActiveCfg = Debug|Any CPU
		{ECA1B03F-CE26-4F46-81B3-FD4347FC169A}.Debug|Any CPU.Build.0 = Debug|Any CPU
		{ECA1B03F-CE26-4F46-81B3-FD4347FC169A}.Release|Any CPU.ActiveCfg = Release|Any CPU
		{ECA1B03F-CE26-4F46-81B3-FD4347FC169A}.Release|Any CPU.Build.0 = Release|Any CPU
		{695A603F-DDCF-4D5A-8206-22BA5E377647}.Debug|Any CPU.ActiveCfg = Debug|Any CPU
		{695A603F-DDCF-4D5A-8206-22BA5E377647}.Debug|Any CPU.Build.0 = Debug|Any CPU
		{695A603F-DDCF-4D5A-8206-22BA5E377647}.Release|Any CPU.ActiveCfg = Release|Any CPU
		{695A603F-DDCF-4D5A-8206-22BA5E377647}.Release|Any CPU.Build.0 = Release|Any CPU
	EndGlobalSection
	GlobalSection(SolutionProperties) = preSolution
		HideSolutionNode = FALSE
	EndGlobalSection
	GlobalSection(ExtensibilityGlobals) = postSolution
		SolutionGuid = {63979E09-104C-44A5-BB02-204FE358427B}
	EndGlobalSection
EndGlobal
